{
  "version": "2",
  "remote": {
    "https://deno.land/std@0.106.0/fmt/colors.ts": "d2f8355f00a74404668fc5a1e4a92983ce1a9b0a6ac1d40efbd681cb8f519586",
    "https://deno.land/std@0.132.0/fmt/colors.ts": "30455035d6d728394781c10755351742dd731e3db6771b1843f9b9e490104d37",
    "https://deno.land/std@0.167.0/_util/asserts.ts": "d0844e9b62510f89ce1f9878b046f6a57bf88f208a10304aab50efcb48365272",
    "https://deno.land/std@0.167.0/_util/os.ts": "8a33345f74990e627b9dfe2de9b040004b08ea5146c7c9e8fe9a29070d193934",
    "https://deno.land/std@0.167.0/async/abortable.ts": "80b2ac399f142cc528f95a037a7d0e653296352d95c681e284533765961de409",
    "https://deno.land/std@0.167.0/async/deadline.ts": "2c2deb53c7c28ca1dda7a3ad81e70508b1ebc25db52559de6b8636c9278fd41f",
    "https://deno.land/std@0.167.0/async/debounce.ts": "60301ffb37e730cd2d6f9dadfd0ecb2a38857681bd7aaf6b0a106b06e5210a98",
    "https://deno.land/std@0.167.0/async/deferred.ts": "77d3f84255c3627f1cc88699d8472b664d7635990d5358c4351623e098e917d6",
    "https://deno.land/std@0.167.0/async/delay.ts": "5a9bfba8de38840308a7a33786a0155a7f6c1f7a859558ddcec5fe06e16daf57",
    "https://deno.land/std@0.167.0/async/mod.ts": "7809ad4bb223e40f5fdc043e5c7ca04e0e25eed35c32c3c32e28697c553fa6d9",
    "https://deno.land/std@0.167.0/async/mux_async_iterator.ts": "770a0ff26c59f8bbbda6b703a2235f04e379f73238e8d66a087edc68c2a2c35f",
    "https://deno.land/std@0.167.0/async/pool.ts": "6854d8cd675a74c73391c82005cbbe4cc58183bddcd1fbbd7c2bcda42b61cf69",
    "https://deno.land/std@0.167.0/async/retry.ts": "e8e5173623915bbc0ddc537698fa418cf875456c347eda1ed453528645b42e67",
    "https://deno.land/std@0.167.0/async/tee.ts": "3a47cc4e9a940904fd4341f0224907e199121c80b831faa5ec2b054c6d2eff5e",
    "https://deno.land/std@0.167.0/http/server.ts": "e99c1bee8a3f6571ee4cdeb2966efad465b8f6fe62bec1bdb59c1f007cc4d155",
    "https://deno.land/std@0.167.0/path/_constants.ts": "df1db3ffa6dd6d1252cc9617e5d72165cd2483df90e93833e13580687b6083c3",
    "https://deno.land/std@0.167.0/path/_interface.ts": "ee3b431a336b80cf445441109d089b70d87d5e248f4f90ff906820889ecf8d09",
    "https://deno.land/std@0.167.0/path/_util.ts": "d16be2a16e1204b65f9d0dfc54a9bc472cafe5f4a190b3c8471ec2016ccd1677",
    "https://deno.land/std@0.167.0/path/common.ts": "bee563630abd2d97f99d83c96c2fa0cca7cee103e8cb4e7699ec4d5db7bd2633",
    "https://deno.land/std@0.167.0/path/glob.ts": "81cc6c72be002cd546c7a22d1f263f82f63f37fe0035d9726aa96fc8f6e4afa1",
    "https://deno.land/std@0.167.0/path/mod.ts": "cf7cec7ac11b7048bb66af8ae03513e66595c279c65cfa12bfc07d9599608b78",
    "https://deno.land/std@0.167.0/path/posix.ts": "b859684bc4d80edfd4cad0a82371b50c716330bed51143d6dcdbe59e6278b30c",
    "https://deno.land/std@0.167.0/path/separator.ts": "fe1816cb765a8068afb3e8f13ad272351c85cbc739af56dacfc7d93d710fe0f9",
    "https://deno.land/std@0.167.0/path/win32.ts": "7cebd2bda6657371adc00061a1d23fdd87bcdf64b4843bb148b0b24c11b40f69",
    "https://deno.land/std@0.173.0/encoding/base64.ts": "7de04c2f8aeeb41453b09b186480be90f2ff357613b988e99fabb91d2eeceba1",
    "https://deno.land/std@0.185.0/_util/asserts.ts": "178dfc49a464aee693a7e285567b3d0b555dc805ff490505a8aae34f9cfb1462",
    "https://deno.land/std@0.185.0/bytes/copy.ts": "939d89e302a9761dcf1d9c937c7711174ed74c59eef40a1e4569a05c9de88219",
    "https://deno.land/std@0.185.0/encoding/base64.ts": "144ae6234c1fbe5b68666c711dc15b1e9ee2aef6d42b3b4345bf9a6c91d70d0d",
    "https://deno.land/std@0.185.0/fmt/colors.ts": "d67e3cd9f472535241a8e410d33423980bec45047e343577554d3356e1f0ef4e",
    "https://deno.land/std@0.185.0/io/buffer.ts": "17f4410eaaa60a8a85733e8891349a619eadfbbe42e2f319283ce2b8f29723ab",
    "https://deno.land/std@0.185.0/testing/_diff.ts": "1a3c044aedf77647d6cac86b798c6417603361b66b54c53331b312caeb447aea",
    "https://deno.land/std@0.185.0/testing/_format.ts": "a69126e8a469009adf4cf2a50af889aca364c349797e63174884a52ff75cf4c7",
    "https://deno.land/std@0.185.0/testing/asserts.ts": "e16d98b4d73ffc4ed498d717307a12500ae4f2cbe668f1a215632d19fcffc22f",
    "https://deno.land/std@0.185.0/types.d.ts": "dbaeb2c4d7c526db9828fc8df89d8aecf53b9ced72e0c4568f97ddd8cda616a4",
    "https://deno.land/std@0.69.0/_util/assert.ts": "e1f76e77c5ccb5a8e0dbbbe6cce3a56d2556c8cb5a9a8802fc9565af72462149",
    "https://deno.land/std@0.69.0/async/deferred.ts": "ac95025f46580cf5197928ba90995d87f26e202c19ad961bc4e3177310894cdc",
    "https://deno.land/std@0.69.0/async/delay.ts": "35957d585a6e3dd87706858fb1d6b551cb278271b03f52c5a2cb70e65e00c26a",
    "https://deno.land/std@0.69.0/async/mod.ts": "39f2602a005805dd1e6b9da4ee5391b14d15e8fec4fa5494a6165c599911d746",
    "https://deno.land/std@0.69.0/async/mux_async_iterator.ts": "1352b10a5cee1821a963eb8f4f05603bd7e25f8886eaf8d1888f4b416ddccdf5",
    "https://deno.land/std@0.69.0/async/pool.ts": "a499691231d8c249f044f69d204b479ad3af7f115e0b37342829eff076bc2450",
    "https://deno.land/std@0.69.0/bytes/mod.ts": "b1a149ac741728db00bda9ce1a2d044f248edd5ac95e708a6cc501bfd3adb4a7",
    "https://deno.land/std@0.69.0/datetime/formatter.ts": "a21986fb09d36164f1b1e867ea9e5bb816a907dabc768a8f0c8c44c1112f65e4",
    "https://deno.land/std@0.69.0/datetime/mod.ts": "140c93dc33a4918230685d7cc4f098da661e4870f006f05a7853c765eff041ff",
    "https://deno.land/std@0.69.0/datetime/tokenizer.ts": "175c06fcf866ada3cbf61b4c387b8f17dd9b22befbf299772dda1a4d53cfc22b",
    "https://deno.land/std@0.69.0/encoding/utf8.ts": "8654fa820aa69a37ec5eb11908e20b39d056c9bf1c23ab294303ff467f3d50a1",
    "https://deno.land/std@0.69.0/http/_io.ts": "a6108623563611e901b1128ca91aca02982af552aa7c4f39f2240cf6e6cd9ac7",
    "https://deno.land/std@0.69.0/http/cookie.ts": "0d141ef4ff05a53602bfd06839f4a674a0dce170dc80619d67736984c8b57830",
    "https://deno.land/std@0.69.0/http/http_status.ts": "0ecc0799a208f49452023b1b927106ba5a2c13cc6cf6666345db028239d554ab",
    "https://deno.land/std@0.69.0/http/mod.ts": "7f2ddc904c7951757228709a2f72c5b3960dee3e81f552f21d382edfdd2a1165",
    "https://deno.land/std@0.69.0/http/server.ts": "9f39d814950c741e0dcf0dfb9a046515f5fb342a62fbc28607c44ac5692e8a7e",
    "https://deno.land/std@0.69.0/io/bufio.ts": "e76c5b7bf978a638aae6f62b87efde3ab7203b85902ce9b84ac8388c8c2bb104",
    "https://deno.land/std@0.69.0/textproto/mod.ts": "ebd84342f62216af1850279d32581c51d0958e36d477c6c26c961987e6240356",
    "https://deno.land/std@0.97.0/fmt/colors.ts": "db22b314a2ae9430ae7460ce005e0a7130e23ae1c999157e3bb77cf55800f7e4",
    "https://deno.land/std@0.97.0/testing/_diff.ts": "961eaf6d9f5b0a8556c9d835bbc6fa74f5addd7d3b02728ba7936ff93364f7a3",
    "https://deno.land/std@0.97.0/testing/asserts.ts": "341292d12eebc44be4c3c2ca101ba8b6b5859cef2fa69d50c217f9d0bfbcfd1f",
    "https://deno.land/std@0.99.0/_util/assert.ts": "2f868145a042a11d5ad0a3c748dcf580add8a0dbc0e876eaa0026303a5488f58",
    "https://deno.land/std@0.99.0/_util/os.ts": "e282950a0eaa96760c0cf11e7463e66babd15ec9157d4c9ed49cc0925686f6a7",
    "https://deno.land/std@0.99.0/path/_constants.ts": "1247fee4a79b70c89f23499691ef169b41b6ccf01887a0abd131009c5581b853",
    "https://deno.land/std@0.99.0/path/_interface.ts": "1fa73b02aaa24867e481a48492b44f2598cd9dfa513c7b34001437007d3642e4",
    "https://deno.land/std@0.99.0/path/_util.ts": "2e06a3b9e79beaf62687196bd4b60a4c391d862cfa007a20fc3a39f778ba073b",
    "https://deno.land/std@0.99.0/path/common.ts": "eaf03d08b569e8a87e674e4e265e099f237472b6fd135b3cbeae5827035ea14a",
    "https://deno.land/std@0.99.0/path/glob.ts": "314ad9ff263b895795208cdd4d5e35a44618ca3c6dd155e226fb15d065008652",
    "https://deno.land/std@0.99.0/path/mod.ts": "4465dc494f271b02569edbb4a18d727063b5dbd6ed84283ff906260970a15d12",
    "https://deno.land/std@0.99.0/path/posix.ts": "f56c3c99feb47f30a40ce9d252ef6f00296fa7c0fcb6dd81211bdb3b8b99ca3b",
    "https://deno.land/std@0.99.0/path/separator.ts": "8fdcf289b1b76fd726a508f57d3370ca029ae6976fcde5044007f062e643ff1c",
    "https://deno.land/std@0.99.0/path/win32.ts": "77f7b3604e0de40f3a7c698e8a79e7f601dc187035a1c21cb1e596666ce112f8",
    "https://deno.land/x/accepts@2.1.1/deps.ts": "ede05e17882d2e064ecfdfc407c95692cee7b49afe59e31d5f385ff74d262756",
    "https://deno.land/x/accepts@2.1.1/mod.ts": "ae058b80ba4e560ca9bd1eb4a488f5d6aeed9437fa192bc4903764fa653032cf",
    "https://deno.land/x/camelcase@v2.1.0/mod.ts": "2d5cebcb7841795a8f01690586cb2b42797b23cb8dd429c915b3b45862637e33",
    "https://deno.land/x/expect@v0.2.9/expect.ts": "128c60f94ff3f977e2a649463238e403f9bdb8e6ab77e65214c0236bd61b0111",
    "https://deno.land/x/expect@v0.2.9/matchers.ts": "ba7360b73c5031a22449fa98eb4d5dbe7f256a88dd4c22ccae96dc6c01f0b19c",
    "https://deno.land/x/expect@v0.2.9/mock.ts": "562d4b1d735d15b0b8e935f342679096b64fe452f86e96714fe8616c0c884914",
    "https://deno.land/x/expect@v0.2.9/mod.ts": "0304d2430e1e96ba669a8495e24ba606dcc3d152e1f81aaa8da898cea24e36c2",
    "https://deno.land/x/http_errors@3.0.0/deps.ts": "7fcd181f9577e1803297e42cdb58ce219d9c7087391b1e9ccc12537e23b9d68c",
    "https://deno.land/x/http_errors@3.0.0/mod.ts": "6549778cb6616cd16884dd1f46b28211fc8ac33f9d7141e92a8eaffb48391bc1",
    "https://deno.land/x/media_types@v2.9.1/db.ts": "ba39cddbcefce47d577c0529066787a3a7b39d27750a6d32b5ad53ed487e7b7b",
    "https://deno.land/x/media_types@v2.9.1/deps.ts": "364b24c35845cfd5c6903ab22b8ba9873bf1022bbbf6bf3d001695332d4bbb4f",
    "https://deno.land/x/media_types@v2.9.1/mod.ts": "d63583b978d32eff8b76e1ae5d83cba2fb27baa90cc1bcb0ad15a06122ea8c19",
    "https://deno.land/x/mimetypes@v1.0.0/mod.ts": "abd1ea614b32cfa7fd50b46f6e070617696664698b8a34935dc807f3035ad408",
    "https://deno.land/x/mimetypes@v1.0.0/src/mime.ts": "7cd7590eae6127dc1abfe710900fc749e94d5c715ffe8a148e59fe20ee21a9a5",
    "https://deno.land/x/negotiator@1.0.1/mod.ts": "d8b28a0a7b2d75c944cebef8f87a58eeb344974d432fe0dea85e2d98e03daf24",
    "https://deno.land/x/negotiator@1.0.1/src/charset.ts": "ca9e78c774c59fed90e31eed9901b6ac78348cbba1adbba71364abdf56dce7e0",
    "https://deno.land/x/negotiator@1.0.1/src/encoding.ts": "bd3e980c10de08798192cd56f1913e0c9f9be2b56391d7b4213f448cc94a0140",
    "https://deno.land/x/negotiator@1.0.1/src/language.ts": "bd822581a7621bbe8c3157d38b4f1ec5a35d75eb58bf6be927d477d929e689a2",
    "https://deno.land/x/negotiator@1.0.1/src/media_type.ts": "bde7a0f6a276fdb3b72569832ca6050ce5bcacad9d493029239af768bd06149f",
    "https://deno.land/x/negotiator@1.0.1/src/types.ts": "3f2a779b3432bd5e2942965f326d82962e7e9b7a72b30fd81aeb0128f898303d",
    "https://deno.land/x/optic@1.3.5/deps.ts": "ceec710d3d45abede3e9209c67b4dcfc31ce962e7a08f4fe4c3eb79e3d6f8fd7",
    "https://deno.land/x/optic@1.3.5/formatters/color.ts": "16ab0e63ed4ba8e2e52dc07651c8c5dd5d655b343bd402b4765f34aaa7c262ce",
    "https://deno.land/x/optic@1.3.5/formatters/simpleDateTimeFormatter.ts": "5e8bc306982988c5a54b27945a0fe4fec77b38083c25d6960bd2eb69d51449d8",
    "https://deno.land/x/optic@1.3.5/formatters/tokenReplacer.ts": "17a48b7aa99ac48997579ba1afc5a76389ff926822f4e1f3a968374b6d78e8e1",
    "https://deno.land/x/optic@1.3.5/logger/dedupe.ts": "2e6124a7e1d5c85ad389af651450f50ae19be7bba5211577c9472e7a1f1f6406",
    "https://deno.land/x/optic@1.3.5/logger/levels.ts": "f8c4d4438c49034679332a6a9a7e76f1f978629d2029a32e519556718088b890",
    "https://deno.land/x/optic@1.3.5/logger/logRecord.ts": "6ce4053d9f306ba4cae19ccf195a5d3055ecfe697b728b794b1ecebf610ab98b",
    "https://deno.land/x/optic@1.3.5/logger/logger.ts": "dc4c6c58cc9d5321cda5a11b649207354f2808755141ad24abcef8ebecd40450",
    "https://deno.land/x/optic@1.3.5/logger/meta.ts": "59cb90177a63ef84e9000d2d4ab61dcdd2b8950179ce0cd44f5bccbe0b774d23",
    "https://deno.land/x/optic@1.3.5/logger/profileMeasure.ts": "39d8a37badbff2efb91b1cedda9c4e7e7682e7a3b867b510f4fa5f4efd038678",
    "https://deno.land/x/optic@1.3.5/logger/rateLimitContext.ts": "444d4f267004bc7a538ae6994c9b981f25eb6764e4e5f5e7bbc3a01fb35893e8",
    "https://deno.land/x/optic@1.3.5/mod.ts": "633754a23b8732760c37324bce8da25f7ecb1fbf2910a529b854682173f2689a",
    "https://deno.land/x/optic@1.3.5/streams/baseStream.ts": "ece6540105ff0bf16847dcdd6d23620cb75a7a9e0436d0d1eb9a2ef353c1f81a",
    "https://deno.land/x/optic@1.3.5/streams/consoleStream.ts": "aed2237a126eb21c871e037b82e2b61a68178d4ad61a5b6f07d7e2a0bee1c441",
    "https://deno.land/x/optic@1.3.5/types.ts": "9787afc1317ac3bed89760b449485f28b18c3d4a58483c558d991bbfe5a74108",
    "https://deno.land/x/optic@1.3.5/utils/asString.ts": "7e79a4b7318a8754b6088b5ac3e1b8be1936f7d12d133f7292f9295815e8312b",
    "https://deno.land/x/optic@1.3.5/utils/numberFormatter.ts": "4ea1da25f8d0a1bb7825fd9ff65050f050147ba7e3311ea311947c5293d9897b",
    "https://deno.land/x/optic@1.3.5/utils/stringify.ts": "330c1fe33fc9265d2e90f7877b518d0956551ad3b7b8130af4adb208c1532a67",
    "https://deno.land/x/precise@0.0.26/mod.ts": "0a88dee980620aef5a47225dc8bf64a788d11933a9e90e8de136fc7ed91f4a72",
    "https://deno.land/x/precise@0.0.26/src/main/deps/std.ts": "1de57371fe875ceb0e448d53d581df16325db4cd5720f30550bd931ce8c3a794",
    "https://deno.land/x/precise@0.0.26/src/main/deps/x/accepts.ts": "64070dc51a65fd6bcd626f198b8630e30a966a1421503c63cc11e5463af4dc6b",
    "https://deno.land/x/precise@0.0.26/src/main/deps/x/camelcase.ts": "1c3e866239aed20b6ddc7b08fe076a8bab2851c1ad4ccb224bf1ac4bb263fcea",
    "https://deno.land/x/precise@0.0.26/src/main/deps/x/mimetypes.ts": "528f38a9ae5295b8d99bc2692cfd550b209fe1c3ec5a7b806a5c3142accad75b",
    "https://deno.land/x/precise@0.0.26/src/main/deps/x/optic.ts": "d774a9775b91b4b42c3a75d72b04039f1ffe30274ce2928abd79fbf4a6a0392d",
    "https://deno.land/x/precise@0.0.26/src/main/helper.ts": "726699881e43cea991dd5756b4a46d08add3c81026574c4ebf8a37af46e56c88",
    "https://deno.land/x/precise@0.0.26/src/main/types/web/base-web-server.d.ts": "34298a173b7071b478545d611b49d1e20ac1bc005742390297c409ed95a00837",
    "https://deno.land/x/precise@0.0.26/src/main/types/web/defaults/defaults.d.ts": "40e711b1ce9653a164c9fa8f341ad2064725a38fef58ceef48399644855c80bc",
    "https://deno.land/x/precise@0.0.26/src/main/types/web/defaults/logger.d.ts": "c9a7df80af607e74f9d9430df5df5d71fdc07b0e702d284c58a3d8344ab2db9b",
    "https://deno.land/x/precise@0.0.26/src/main/types/web/http-method.d.ts": "bca07f712894fe63bc1f2aea5a8552ee3cb56ac06e9bc085801e372b1be2bffd",
    "https://deno.land/x/precise@0.0.26/src/main/types/web/method-registerer.d.ts": "d119be6e6c699ad66ad7c5f69313957b65dff7c67ba6402d6adfc95eed1a0168",
    "https://deno.land/x/precise@0.0.26/src/main/types/web/middlewares/request-worker.d.ts": "3f08eb2f8dcb94eda13681d9fa22667d86bcb07bf818b2d893cda2d18229111a",
    "https://deno.land/x/precise@0.0.26/src/main/types/web/router.d.ts": "c7d0e7caa9a63deab29d5795efa4ab5ac989fb2528631cd6224c0d487483872b",
    "https://deno.land/x/precise@0.0.26/src/main/types/web/web-cluster.d.ts": "ea7bf7579c83b1b7aa61b27d719bfb8cc1c16f4661e00498f485cf5d8ddc82c6",
    "https://deno.land/x/precise@0.0.26/src/main/types/web/web-server.d.ts": "96d85244b745bcb829b12c6ebd541b4bfc39d404439b4cf6c7315722963fcc43",
    "https://deno.land/x/precise@0.0.26/src/main/web/base-web-server.ts": "68cf73550e44d9c0a70fffc5891e5d82ce7d18ea6151d62e06c26f27fb813f9d",
    "https://deno.land/x/precise@0.0.26/src/main/web/defaults/error-middleware.ts": "38ba2d4f3c5f1ad34b2b077bae2d5f31454eff3b5707e01468e0e1d9e05d4da9",
    "https://deno.land/x/precise@0.0.26/src/main/web/defaults/index.ts": "1074dd46cc703efffa7538950eb25a3f81269057745b11b0e41817881cbea5ed",
    "https://deno.land/x/precise@0.0.26/src/main/web/defaults/logger.ts": "c64c42f648e80d449fcf71e0ae324fcbcdafcef05c0566d0ab9e92cb55131a57",
    "https://deno.land/x/precise@0.0.26/src/main/web/defaults/not-found-html-template-content.ts": "c34c117e40fd455aa6ec27a909c159a9aba413060b33c9c044e8c3fc9e1004df",
    "https://deno.land/x/precise@0.0.26/src/main/web/defaults/not-found-middleware.ts": "f7c19cab3dbba945c1dabdd889f959c5221cdcbcd4ede74c1e7adab526172bbe",
    "https://deno.land/x/precise@0.0.26/src/main/web/http-method.ts": "08ad5a067ddc9b92ad829b50ac31e64c151cb8912bbcd0a03b575b848c193313",
    "https://deno.land/x/precise@0.0.26/src/main/web/method-registerer.ts": "26ae52dac5555ce8735ead108ba5f75982785082d082fc4c67b6e91d2cee8f5a",
    "https://deno.land/x/precise@0.0.26/src/main/web/middlewares/assets.ts": "01db9a22753e85f42912f32b84babbaf2d3118e3eb22be37a6b28ad92cb8e6bd",
    "https://deno.land/x/precise@0.0.26/src/main/web/middlewares/expose-version.ts": "d2d7815827b376600b521a234162f2ad2d4b4ef9811d4eb2cfa8537633d2f529",
    "https://deno.land/x/precise@0.0.26/src/main/web/middlewares/request-worker.ts": "3cde32ef1be8329f1a83c44f8021492be9cd9ff037a5e11bb434e68c866355fe",
    "https://deno.land/x/precise@0.0.26/src/main/web/middlewares/reverse-proxy.ts": "d89716dda328c9b79aaab49b4d8ba41f5464dd1f45c1bd10354f0b2e0be1580c",
    "https://deno.land/x/precise@0.0.26/src/main/web/router.ts": "cafd9439400bb3d965a809f3827d7b217de3982badb2c833478a70207cac457c",
    "https://deno.land/x/precise@0.0.26/src/main/web/signals.ts": "f9328cd8722ba4d0447cafc5fd674790612a5ef3c30f1152e52566f07c1f46a6",
    "https://deno.land/x/precise@0.0.26/src/main/web/web-cluster.ts": "d82fe96effd16c4c92d172d2ca7f4426fa0d1266cb747912ea7fbc54099e011f",
    "https://deno.land/x/precise@0.0.26/src/main/web/web-server.ts": "21c8568cdff828aa9dae9fcb8ec05967b8b46468f907ee96f623c9c52ee7055d",
    "https://deno.land/x/precise@0.0.26/version.json": "50c26cdb1a6b4966f14e5d90f1cc228c1289faf3368721e90f6af74be7d267a6",
    "https://deno.land/x/tincan@1.0.1/src/deps.ts": "b02ae57b7ab5035b903f2526b278c26a301e05242668a77eb9e2e82011b651aa",
    "https://deno.land/x/tincan@1.0.1/src/environment.ts": "1096dc35b77ee070bba03584489f71c446574d3a7676936ab0bb4aed507d7e27",
    "https://deno.land/x/tincan@1.0.1/src/mod.ts": "faf52271dbf61ff40b29d60e1d4f8d80f4ad167beebc40905d16779617d07463",
    "https://deno.land/x/tincan@1.0.1/src/nodes/mod.ts": "c22f058dd205d10c3b261c9afdbcd95a8eb807401e822f9c899cca2ab0f16473",
    "https://deno.land/x/tincan@1.0.1/src/nodes/nodes.ts": "a8b8b3178868c8b13a6d4d0c96cb41e4c1df48719a8cd2977495af9f9352ab04",
    "https://deno.land/x/tincan@1.0.1/src/nodes/tree.ts": "c119fb6a2ee1fe9833b70111382cc8d9a3f5b875b4bb65a0e8774d919193faa3",
    "https://deno.land/x/tincan@1.0.1/src/nodes/utilities.ts": "5e6a6f0e2650df4e10f7dfde889ef88a588fe9c3b3618aca2acd47e80b3ee3d8",
    "https://deno.land/x/tincan@1.0.1/src/reporter.ts": "84e09297da18c840076be951c02c749678b75dc89b2575f34db1378cbb509939",
    "https://deno.land/x/tincan@1.0.1/src/runner.ts": "54e1a0934a52469437bd4655df51f0c9148327d94a2b0d6c175f6f992a697b86"
  }
}
